
Microsoft Visual Studio Solution File, Format Version 12.00
# Visual Studio Version 17
VisualStudioVersion = 17.8.34316.72
MinimumVisualStudioVersion = 10.0.40219.1
Project("{9A19103F-16F7-4668-BE54-9A1E7A4F7556}") = "SnackHub.Production.Api", "src\SnackHub.Production.Api\SnackHub.Production.Api.csproj", "{75DF7B15-B101-477C-8D42-F8757F961845}"
EndProject
Project("{2150E333-8FDC-42A3-9474-1A3956D46DE8}") = "src", "src", "{114324A4-E20D-4187-8DDB-2C735AEA01E5}"
EndProject
Project("{9A19103F-16F7-4668-BE54-9A1E7A4F7556}") = "SnackHub.Production.Application", "src\SnackHub.Production.Application\SnackHub.Production.Application.csproj", "{79D10D9B-7478-49AB-8DD0-65AD64ACD23B}"
EndProject
Project("{2150E333-8FDC-42A3-9474-1A3956D46DE8}") = "tests", "tests", "{DAB6F12C-9AF3-43C8-B9FB-CF63B28EA72D}"
EndProject
Project("{9A19103F-16F7-4668-BE54-9A1E7A4F7556}") = "SnackHub.Production.Domain", "src\SnackHub.Production.Domain\SnackHub.Production.Domain.csproj", "{31071CEC-4A52-48A5-809A-AD624286A87E}"
EndProject
Project("{9A19103F-16F7-4668-BE54-9A1E7A4F7556}") = "SnackHub.Application.Tests", "tests\SnackHub.Production.Application.Tests\SnackHub.Application.Tests.csproj", "{A3A40DA6-D32A-4942-BE1E-E72A7F915F08}"
EndProject
Project("{9A19103F-16F7-4668-BE54-9A1E7A4F7556}") = "SnackHub.Domain.Tests", "tests\SnackHub.Production.Domain.Tests\SnackHub.Domain.Tests.csproj", "{B56933DC-CC46-414D-9BD8-02846E41118A}"
EndProject
Project("{FAE04EC0-301F-11D3-BF4B-00C04F79EFBC}") = "SnackHub.Production.Behavior.Tests", "tests\SnackHub.Production.Behavior.Tests\SnackHub.Production.Behavior.Tests.csproj", "{9CC4B9D9-509B-4642-A83D-0705A24FB68A}"
EndProject
Global
	GlobalSection(SolutionConfigurationPlatforms) = preSolution
		Debug|Any CPU = Debug|Any CPU
		Release|Any CPU = Release|Any CPU
	EndGlobalSection
	GlobalSection(ProjectConfigurationPlatforms) = postSolution
		{75DF7B15-B101-477C-8D42-F8757F961845}.Debug|Any CPU.ActiveCfg = Debug|Any CPU
		{75DF7B15-B101-477C-8D42-F8757F961845}.Debug|Any CPU.Build.0 = Debug|Any CPU
		{75DF7B15-B101-477C-8D42-F8757F961845}.Release|Any CPU.ActiveCfg = Release|Any CPU
		{75DF7B15-B101-477C-8D42-F8757F961845}.Release|Any CPU.Build.0 = Release|Any CPU
		{79D10D9B-7478-49AB-8DD0-65AD64ACD23B}.Debug|Any CPU.ActiveCfg = Debug|Any CPU
		{79D10D9B-7478-49AB-8DD0-65AD64ACD23B}.Debug|Any CPU.Build.0 = Debug|Any CPU
		{79D10D9B-7478-49AB-8DD0-65AD64ACD23B}.Release|Any CPU.ActiveCfg = Release|Any CPU
		{79D10D9B-7478-49AB-8DD0-65AD64ACD23B}.Release|Any CPU.Build.0 = Release|Any CPU
		{31071CEC-4A52-48A5-809A-AD624286A87E}.Debug|Any CPU.ActiveCfg = Debug|Any CPU
		{31071CEC-4A52-48A5-809A-AD624286A87E}.Debug|Any CPU.Build.0 = Debug|Any CPU
		{31071CEC-4A52-48A5-809A-AD624286A87E}.Release|Any CPU.ActiveCfg = Release|Any CPU
		{31071CEC-4A52-48A5-809A-AD624286A87E}.Release|Any CPU.Build.0 = Release|Any CPU
		{A3A40DA6-D32A-4942-BE1E-E72A7F915F08}.Debug|Any CPU.ActiveCfg = Debug|Any CPU
		{A3A40DA6-D32A-4942-BE1E-E72A7F915F08}.Debug|Any CPU.Build.0 = Debug|Any CPU
		{A3A40DA6-D32A-4942-BE1E-E72A7F915F08}.Release|Any CPU.ActiveCfg = Release|Any CPU
		{A3A40DA6-D32A-4942-BE1E-E72A7F915F08}.Release|Any CPU.Build.0 = Release|Any CPU
		{B56933DC-CC46-414D-9BD8-02846E41118A}.Debug|Any CPU.ActiveCfg = Debug|Any CPU
		{B56933DC-CC46-414D-9BD8-02846E41118A}.Debug|Any CPU.Build.0 = Debug|Any CPU
		{B56933DC-CC46-414D-9BD8-02846E41118A}.Release|Any CPU.ActiveCfg = Release|Any CPU
		{B56933DC-CC46-414D-9BD8-02846E41118A}.Release|Any CPU.Build.0 = Release|Any CPU
		{9CC4B9D9-509B-4642-A83D-0705A24FB68A}.Debug|Any CPU.ActiveCfg = Debug|Any CPU
		{9CC4B9D9-509B-4642-A83D-0705A24FB68A}.Debug|Any CPU.Build.0 = Debug|Any CPU
		{9CC4B9D9-509B-4642-A83D-0705A24FB68A}.Release|Any CPU.ActiveCfg = Release|Any CPU
		{9CC4B9D9-509B-4642-A83D-0705A24FB68A}.Release|Any CPU.Build.0 = Release|Any CPU
	EndGlobalSection
	GlobalSection(SolutionProperties) = preSolution
		HideSolutionNode = FALSE
	EndGlobalSection
	GlobalSection(NestedProjects) = preSolution
		{75DF7B15-B101-477C-8D42-F8757F961845} = {114324A4-E20D-4187-8DDB-2C735AEA01E5}
		{79D10D9B-7478-49AB-8DD0-65AD64ACD23B} = {114324A4-E20D-4187-8DDB-2C735AEA01E5}
		{31071CEC-4A52-48A5-809A-AD624286A87E} = {114324A4-E20D-4187-8DDB-2C735AEA01E5}
		{A3A40DA6-D32A-4942-BE1E-E72A7F915F08} = {DAB6F12C-9AF3-43C8-B9FB-CF63B28EA72D}
		{B56933DC-CC46-414D-9BD8-02846E41118A} = {DAB6F12C-9AF3-43C8-B9FB-CF63B28EA72D}
		{9CC4B9D9-509B-4642-A83D-0705A24FB68A} = {DAB6F12C-9AF3-43C8-B9FB-CF63B28EA72D}
	EndGlobalSection
	GlobalSection(ExtensibilityGlobals) = postSolution
		SolutionGuid = {F7CA7F01-2C9D-45B1-9A91-1374F5468643}
	EndGlobalSection
EndGlobal
